{
    "_readme": [
        "This file locks the dependencies of your project to a known state",
        "Read more about it at https://getcomposer.org/doc/01-basic-usage.md#installing-dependencies",
        "This file is @generated automatically"
    ],
    "content-hash": "680f766d19d12cb008c48c6afd59d283",
    "packages": [
        {
            "name": "sm/wp-plugin-core",
            "version": "dev-master",
            "source": {
                "type": "git",
                "url": "git@github.com:abareja/sm-plugin-core.git",
                "reference": "b3d6c91b0623d160cf46e409750f63fe9416a16e"
            },
            "dist": {
                "type": "zip",
                "url": "https://api.github.com/repos/abareja/sm-plugin-core/zipball/b3d6c91b0623d160cf46e409750f63fe9416a16e",
                "reference": "b3d6c91b0623d160cf46e409750f63fe9416a16e",
                "shasum": ""
            },
            "default-branch": true,
            "type": "library",
            "autoload": {
                "psr-4": {
                    "SM\\Core\\": "src/"
                }
            },
            "license": [
                "MIT"
            ],
            "authors": [
                {
                    "name": "abareja",
                    "email": "adrian.bareja@see-me.pl"
                }
            ],
            "description": "See-me wordpress plugin core",
            "support": {
                "source": "https://github.com/abareja/sm-plugin-core/tree/master",
                "issues": "https://github.com/abareja/sm-plugin-core/issues"
            },
            "time": "2023-12-27T16:09:17+00:00"
        }
    ],
    "packages-dev": [],
    "aliases": [],
    "minimum-stability": "stable",
    "stability-flags": {
        "sm/wp-plugin-core": 20
    },
    "prefer-stable": false,
    "prefer-lowest": false,
    "platform": [],
    "platform-dev": [],
    "plugin-api-version": "2.6.0"
}
